
Microsoft Visual Studio Solution File, Format Version 12.00
# Visual Studio Version 17
VisualStudioVersion = 17.2.32519.379
MinimumVisualStudioVersion = 10.0.40219.1
Project("{9A19103F-16F7-4668-BE54-9A1E7A4F7556}") = "VL.IO.AbletonLink", "VL.IO.AbletonLink.csproj", "{C04B198E-543E-4FC2-BED1-BDF3800E040B}"
EndProject
Project("{8BC9CEB8-8B4A-11D0-8D11-00A0C91BC942}") = "AbletonLinkDLL", "AbletonLinkDLL\AbletonLinkDLL.vcxproj", "{418FB7F6-79A1-450A-96A6-311290161758}"
EndProject
Global
	GlobalSection(SolutionConfigurationPlatforms) = preSolution
		Debug|Any CPU = Debug|Any CPU
		Debug|x64 = Debug|x64
		Debug|x86 = Debug|x86
		Release|Any CPU = Release|Any CPU
		Release|x64 = Release|x64
		Release|x86 = Release|x86
	EndGlobalSection
	GlobalSection(ProjectConfigurationPlatforms) = postSolution
		{C04B198E-543E-4FC2-BED1-BDF3800E040B}.Debug|Any CPU.ActiveCfg = Debug|Any CPU
		{C04B198E-543E-4FC2-BED1-BDF3800E040B}.Debug|Any CPU.Build.0 = Debug|Any CPU
		{C04B198E-543E-4FC2-BED1-BDF3800E040B}.Debug|x64.ActiveCfg = Debug|Any CPU
		{C04B198E-543E-4FC2-BED1-BDF3800E040B}.Debug|x64.Build.0 = Debug|Any CPU
		{C04B198E-543E-4FC2-BED1-BDF3800E040B}.Debug|x86.ActiveCfg = Debug|Any CPU
		{C04B198E-543E-4FC2-BED1-BDF3800E040B}.Debug|x86.Build.0 = Debug|Any CPU
		{C04B198E-543E-4FC2-BED1-BDF3800E040B}.Release|Any CPU.ActiveCfg = Release|Any CPU
		{C04B198E-543E-4FC2-BED1-BDF3800E040B}.Release|Any CPU.Build.0 = Release|Any CPU
		{C04B198E-543E-4FC2-BED1-BDF3800E040B}.Release|x64.ActiveCfg = Release|Any CPU
		{C04B198E-543E-4FC2-BED1-BDF3800E040B}.Release|x64.Build.0 = Release|Any CPU
		{C04B198E-543E-4FC2-BED1-BDF3800E040B}.Release|x86.ActiveCfg = Release|Any CPU
		{C04B198E-543E-4FC2-BED1-BDF3800E040B}.Release|x86.Build.0 = Release|Any CPU
		{418FB7F6-79A1-450A-96A6-311290161758}.Debug|Any CPU.ActiveCfg = Debug|x64
		{418FB7F6-79A1-450A-96A6-311290161758}.Debug|Any CPU.Build.0 = Debug|x64
		{418FB7F6-79A1-450A-96A6-311290161758}.Debug|x64.ActiveCfg = Debug|x64
		{418FB7F6-79A1-450A-96A6-311290161758}.Debug|x64.Build.0 = Debug|x64
		{418FB7F6-79A1-450A-96A6-311290161758}.Debug|x86.ActiveCfg = Debug|Win32
		{418FB7F6-79A1-450A-96A6-311290161758}.Debug|x86.Build.0 = Debug|Win32
		{418FB7F6-79A1-450A-96A6-311290161758}.Release|Any CPU.ActiveCfg = Release|x64
		{418FB7F6-79A1-450A-96A6-311290161758}.Release|Any CPU.Build.0 = Release|x64
		{418FB7F6-79A1-450A-96A6-311290161758}.Release|x64.ActiveCfg = Release|x64
		{418FB7F6-79A1-450A-96A6-311290161758}.Release|x64.Build.0 = Release|x64
		{418FB7F6-79A1-450A-96A6-311290161758}.Release|x86.ActiveCfg = Release|Win32
		{418FB7F6-79A1-450A-96A6-311290161758}.Release|x86.Build.0 = Release|Win32
	EndGlobalSection
	GlobalSection(SolutionProperties) = preSolution
		HideSolutionNode = FALSE
	EndGlobalSection
	GlobalSection(ExtensibilityGlobals) = postSolution
		SolutionGuid = {ED8F70D5-F5BD-4461-AF74-78BD3C826E99}
	EndGlobalSection
EndGlobal
